
Microsoft Visual Studio Solution File, Format Version 12.00
# Visual Studio Version 17
VisualStudioVersion = 17.12.35514.174 d17.12
MinimumVisualStudioVersion = 10.0.40219.1
Project("{FAE04EC0-301F-11D3-BF4B-00C04F79EFBC}") = "WebApp", "WebApp\WebApp.csproj", "{D5B71DF3-CF65-4A44-82BB-CE022524ADE9}"
EndProject
Project("{FAE04EC0-301F-11D3-BF4B-00C04F79EFBC}") = "WebApp.Test", "WebApp.Test\WebApp.Test.csproj", "{5F7D08E7-A131-4B40-8316-9F393FF870AD}"
EndProject
Global
	GlobalSection(SolutionConfigurationPlatforms) = preSolution
		Debug|Any CPU = Debug|Any CPU
		Release|Any CPU = Release|Any CPU
	EndGlobalSection
	GlobalSection(ProjectConfigurationPlatforms) = postSolution
		{D5B71DF3-CF65-4A44-82BB-CE022524ADE9}.Debug|Any CPU.ActiveCfg = Debug|Any CPU
		{D5B71DF3-CF65-4A44-82BB-CE022524ADE9}.Debug|Any CPU.Build.0 = Debug|Any CPU
		{D5B71DF3-CF65-4A44-82BB-CE022524ADE9}.Release|Any CPU.ActiveCfg = Release|Any CPU
		{D5B71DF3-CF65-4A44-82BB-CE022524ADE9}.Release|Any CPU.Build.0 = Release|Any CPU
		{5F7D08E7-A131-4B40-8316-9F393FF870AD}.Debug|Any CPU.ActiveCfg = Debug|Any CPU
		{5F7D08E7-A131-4B40-8316-9F393FF870AD}.Debug|Any CPU.Build.0 = Debug|Any CPU
		{5F7D08E7-A131-4B40-8316-9F393FF870AD}.Release|Any CPU.ActiveCfg = Release|Any CPU
		{5F7D08E7-A131-4B40-8316-9F393FF870AD}.Release|Any CPU.Build.0 = Release|Any CPU
	EndGlobalSection
	GlobalSection(SolutionProperties) = preSolution
		HideSolutionNode = FALSE
	EndGlobalSection
EndGlobal
